// !$*UTF8*$!
{
	archiveVersion = 1;
	classes = {
	};
	objectVersion = 46;
	objects = {

/* Begin PBXBuildFile section */
		6260CAB91B18029100F8A687 /* main.m in Sources */ = {isa = PBXBuildFile; fileRef = 6260CAB81B18029100F8A687 /* main.m */; };
		6260CABC1B18029100F8A687 /* AppDelegate.m in Sources */ = {isa = PBXBuildFile; fileRef = 6260CABB1B18029100F8A687 /* AppDelegate.m */; };
		6260CABF1B18029100F8A687 /* ViewController.m in Sources */ = {isa = PBXBuildFile; fileRef = 6260CABE1B18029100F8A687 /* ViewController.m */; };
		6260CAC21B18029100F8A687 /* Main.storyboard in Resources */ = {isa = PBXBuildFile; fileRef = 6260CAC01B18029100F8A687 /* Main.storyboard */; };
		6260CAC41B18029100F8A687 /* Images.xcassets in Resources */ = {isa = PBXBuildFile; fileRef = 6260CAC31B18029100F8A687 /* Images.xcassets */; };
		6260CAC71B18029100F8A687 /* LaunchScreen.xib in Resources */ = {isa = PBXBuildFile; fileRef = 6260CAC51B18029100F8A687 /* LaunchScreen.xib */; };
		6260CAD31B18029100F8A687 /* RuntimeDemoTests.m in Sources */ = {isa = PBXBuildFile; fileRef = 6260CAD21B18029100F8A687 /* RuntimeDemoTests.m */; };
		6260CADE1B18042000F8A687 /* Person.m in Sources */ = {isa = PBXBuildFile; fileRef = 6260CADD1B18042000F8A687 /* Person.m */; };
		6260CAE11B18319C00F8A687 /* NSObject+Conversion.m in Sources */ = {isa = PBXBuildFile; fileRef = 6260CAE01B18319C00F8A687 /* NSObject+Conversion.m */; };
		629D01161C1A769200E71F3D /* MyRunTime.m in Sources */ = {isa = PBXBuildFile; fileRef = 629D01151C1A769200E71F3D /* MyRunTime.m */; };
		62AB06A91B25285100D6F018 /* MJConst.m in Sources */ = {isa = PBXBuildFile; fileRef = 62AB06991B25285100D6F018 /* MJConst.m */; };
		62AB06AA1B25285100D6F018 /* MJFoundation.m in Sources */ = {isa = PBXBuildFile; fileRef = 62AB069C1B25285100D6F018 /* MJFoundation.m */; };
		62AB06AB1B25285100D6F018 /* MJProperty.m in Sources */ = {isa = PBXBuildFile; fileRef = 62AB069E1B25285100D6F018 /* MJProperty.m */; };
		62AB06AC1B25285100D6F018 /* MJType.m in Sources */ = {isa = PBXBuildFile; fileRef = 62AB06A01B25285100D6F018 /* MJType.m */; };
		62AB06AD1B25285100D6F018 /* NSObject+MJCoding.m in Sources */ = {isa = PBXBuildFile; fileRef = 62AB06A21B25285100D6F018 /* NSObject+MJCoding.m */; };
		62AB06AE1B25285100D6F018 /* NSObject+MJKeyValue.m in Sources */ = {isa = PBXBuildFile; fileRef = 62AB06A41B25285100D6F018 /* NSObject+MJKeyValue.m */; };
		62AB06AF1B25285100D6F018 /* NSObject+MJProperty.m in Sources */ = {isa = PBXBuildFile; fileRef = 62AB06A61B25285100D6F018 /* NSObject+MJProperty.m */; };
		62AB06B01B25285100D6F018 /* NSString+Extension.m in Sources */ = {isa = PBXBuildFile; fileRef = 62AB06A81B25285100D6F018 /* NSString+Extension.m */; };
/* End PBXBuildFile section */

/* Begin PBXContainerItemProxy section */
		6260CACD1B18029100F8A687 /* PBXContainerItemProxy */ = {
			isa = PBXContainerItemProxy;
			containerPortal = 6260CAAB1B18029100F8A687 /* Project object */;
			proxyType = 1;
			remoteGlobalIDString = 6260CAB21B18029100F8A687;
			remoteInfo = RuntimeDemo;
		};
/* End PBXContainerItemProxy section */

/* Begin PBXFileReference section */
		6260CAB31B18029100F8A687 /* RuntimeDemo.app */ = {isa = PBXFileReference; explicitFileType = wrapper.application; includeInIndex = 0; path = RuntimeDemo.app; sourceTree = BUILT_PRODUCTS_DIR; };
		6260CAB71B18029100F8A687 /* Info.plist */ = {isa = PBXFileReference; lastKnownFileType = text.plist.xml; path = Info.plist; sourceTree = "<group>"; };
		6260CAB81B18029100F8A687 /* main.m */ = {isa = PBXFileReference; lastKnownFileType = sourcecode.c.objc; path = main.m; sourceTree = "<group>"; };
		6260CABA1B18029100F8A687 /* AppDelegate.h */ = {isa = PBXFileReference; lastKnownFileType = sourcecode.c.h; path = AppDelegate.h; sourceTree = "<group>"; };
		6260CABB1B18029100F8A687 /* AppDelegate.m */ = {isa = PBXFileReference; lastKnownFileType = sourcecode.c.objc; path = AppDelegate.m; sourceTree = "<group>"; };
		6260CABD1B18029100F8A687 /* ViewController.h */ = {isa = PBXFileReference; lastKnownFileType = sourcecode.c.h; path = ViewController.h; sourceTree = "<group>"; };
		6260CABE1B18029100F8A687 /* ViewController.m */ = {isa = PBXFileReference; lastKnownFileType = sourcecode.c.objc; path = ViewController.m; sourceTree = "<group>"; };
		6260CAC11B18029100F8A687 /* Base */ = {isa = PBXFileReference; lastKnownFileType = file.storyboard; name = Base; path = Base.lproj/Main.storyboard; sourceTree = "<group>"; };
		6260CAC31B18029100F8A687 /* Images.xcassets */ = {isa = PBXFileReference; lastKnownFileType = folder.assetcatalog; path = Images.xcassets; sourceTree = "<group>"; };
		6260CAC61B18029100F8A687 /* Base */ = {isa = PBXFileReference; lastKnownFileType = file.xib; name = Base; path = Base.lproj/LaunchScreen.xib; sourceTree = "<group>"; };
		6260CACC1B18029100F8A687 /* RuntimeDemoTests.xctest */ = {isa = PBXFileReference; explicitFileType = wrapper.cfbundle; includeInIndex = 0; path = RuntimeDemoTests.xctest; sourceTree = BUILT_PRODUCTS_DIR; };
		6260CAD11B18029100F8A687 /* Info.plist */ = {isa = PBXFileReference; lastKnownFileType = text.plist.xml; path = Info.plist; sourceTree = "<group>"; };
		6260CAD21B18029100F8A687 /* RuntimeDemoTests.m */ = {isa = PBXFileReference; lastKnownFileType = sourcecode.c.objc; path = RuntimeDemoTests.m; sourceTree = "<group>"; };
		6260CADC1B18042000F8A687 /* Person.h */ = {isa = PBXFileReference; fileEncoding = 4; lastKnownFileType = sourcecode.c.h; path = Person.h; sourceTree = "<group>"; };
		6260CADD1B18042000F8A687 /* Person.m */ = {isa = PBXFileReference; fileEncoding = 4; lastKnownFileType = sourcecode.c.objc; path = Person.m; sourceTree = "<group>"; };
		6260CADF1B18319C00F8A687 /* NSObject+Conversion.h */ = {isa = PBXFileReference; fileEncoding = 4; lastKnownFileType = sourcecode.c.h; path = "NSObject+Conversion.h"; sourceTree = "<group>"; };
		6260CAE01B18319C00F8A687 /* NSObject+Conversion.m */ = {isa = PBXFileReference; fileEncoding = 4; lastKnownFileType = sourcecode.c.objc; path = "NSObject+Conversion.m"; sourceTree = "<group>"; };
		629D01141C1A769200E71F3D /* MyRunTime.h */ = {isa = PBXFileReference; fileEncoding = 4; lastKnownFileType = sourcecode.c.h; path = MyRunTime.h; sourceTree = "<group>"; };
		629D01151C1A769200E71F3D /* MyRunTime.m */ = {isa = PBXFileReference; fileEncoding = 4; lastKnownFileType = sourcecode.c.objc; path = MyRunTime.m; sourceTree = "<group>"; };
		62AB06981B25285100D6F018 /* MJConst.h */ = {isa = PBXFileReference; fileEncoding = 4; lastKnownFileType = sourcecode.c.h; path = MJConst.h; sourceTree = "<group>"; };
		62AB06991B25285100D6F018 /* MJConst.m */ = {isa = PBXFileReference; fileEncoding = 4; lastKnownFileType = sourcecode.c.objc; path = MJConst.m; sourceTree = "<group>"; };
		62AB069A1B25285100D6F018 /* MJExtension.h */ = {isa = PBXFileReference; fileEncoding = 4; lastKnownFileType = sourcecode.c.h; path = MJExtension.h; sourceTree = "<group>"; };
		62AB069B1B25285100D6F018 /* MJFoundation.h */ = {isa = PBXFileReference; fileEncoding = 4; lastKnownFileType = sourcecode.c.h; path = MJFoundation.h; sourceTree = "<group>"; };
		62AB069C1B25285100D6F018 /* MJFoundation.m */ = {isa = PBXFileReference; fileEncoding = 4; lastKnownFileType = sourcecode.c.objc; path = MJFoundation.m; sourceTree = "<group>"; };
		62AB069D1B25285100D6F018 /* MJProperty.h */ = {isa = PBXFileReference; fileEncoding = 4; lastKnownFileType = sourcecode.c.h; path = MJProperty.h; sourceTree = "<group>"; };
		62AB069E1B25285100D6F018 /* MJProperty.m */ = {isa = PBXFileReference; fileEncoding = 4; lastKnownFileType = sourcecode.c.objc; path = MJProperty.m; sourceTree = "<group>"; };
		62AB069F1B25285100D6F018 /* MJType.h */ = {isa = PBXFileReference; fileEncoding = 4; lastKnownFileType = sourcecode.c.h; path = MJType.h; sourceTree = "<group>"; };
		62AB06A01B25285100D6F018 /* MJType.m */ = {isa = PBXFileReference; fileEncoding = 4; lastKnownFileType = sourcecode.c.objc; path = MJType.m; sourceTree = "<group>"; };
		62AB06A11B25285100D6F018 /* NSObject+MJCoding.h */ = {isa = PBXFileReference; fileEncoding = 4; lastKnownFileType = sourcecode.c.h; path = "NSObject+MJCoding.h"; sourceTree = "<group>"; };
		62AB06A21B25285100D6F018 /* NSObject+MJCoding.m */ = {isa = PBXFileReference; fileEncoding = 4; lastKnownFileType = sourcecode.c.objc; path = "NSObject+MJCoding.m"; sourceTree = "<group>"; };
		62AB06A31B25285100D6F018 /* NSObject+MJKeyValue.h */ = {isa = PBXFileReference; fileEncoding = 4; lastKnownFileType = sourcecode.c.h; path = "NSObject+MJKeyValue.h"; sourceTree = "<group>"; };
		62AB06A41B25285100D6F018 /* NSObject+MJKeyValue.m */ = {isa = PBXFileReference; fileEncoding = 4; lastKnownFileType = sourcecode.c.objc; path = "NSObject+MJKeyValue.m"; sourceTree = "<group>"; };
		62AB06A51B25285100D6F018 /* NSObject+MJProperty.h */ = {isa = PBXFileReference; fileEncoding = 4; lastKnownFileType = sourcecode.c.h; path = "NSObject+MJProperty.h"; sourceTree = "<group>"; };
		62AB06A61B25285100D6F018 /* NSObject+MJProperty.m */ = {isa = PBXFileReference; fileEncoding = 4; lastKnownFileType = sourcecode.c.objc; path = "NSObject+MJProperty.m"; sourceTree = "<group>"; };
		62AB06A71B25285100D6F018 /* NSString+Extension.h */ = {isa = PBXFileReference; fileEncoding = 4; lastKnownFileType = sourcecode.c.h; path = "NSString+Extension.h"; sourceTree = "<group>"; };
		62AB06A81B25285100D6F018 /* NSString+Extension.m */ = {isa = PBXFileReference; fileEncoding = 4; lastKnownFileType = sourcecode.c.objc; path = "NSString+Extension.m"; sourceTree = "<group>"; };
/* End PBXFileReference section */

/* Begin PBXFrameworksBuildPhase section */
		6260CAB01B18029100F8A687 /* Frameworks */ = {
			isa = PBXFrameworksBuildPhase;
			buildActionMask = 2147483647;
			files = (
			);
			runOnlyForDeploymentPostprocessing = 0;
		};
		6260CAC91B18029100F8A687 /* Frameworks */ = {
			isa = PBXFrameworksBuildPhase;
			buildActionMask = 2147483647;
			files = (
			);
			runOnlyForDeploymentPostprocessing = 0;
		};
/* End PBXFrameworksBuildPhase section */

/* Begin PBXGroup section */
		6260CAAA1B18029100F8A687 = {
			isa = PBXGroup;
			children = (
				6260CAB51B18029100F8A687 /* RuntimeDemo */,
				6260CACF1B18029100F8A687 /* RuntimeDemoTests */,
				6260CAB41B18029100F8A687 /* Products */,
			);
			sourceTree = "<group>";
		};
		6260CAB41B18029100F8A687 /* Products */ = {
			isa = PBXGroup;
			children = (
				6260CAB31B18029100F8A687 /* RuntimeDemo.app */,
				6260CACC1B18029100F8A687 /* RuntimeDemoTests.xctest */,
			);
			name = Products;
			sourceTree = "<group>";
		};
		6260CAB51B18029100F8A687 /* RuntimeDemo */ = {
			isa = PBXGroup;
			children = (
				62AB06971B25285100D6F018 /* MJExtension */,
				6260CABA1B18029100F8A687 /* AppDelegate.h */,
				6260CABB1B18029100F8A687 /* AppDelegate.m */,
				6260CABD1B18029100F8A687 /* ViewController.h */,
				6260CABE1B18029100F8A687 /* ViewController.m */,
				629D01141C1A769200E71F3D /* MyRunTime.h */,
				629D01151C1A769200E71F3D /* MyRunTime.m */,
				6260CADC1B18042000F8A687 /* Person.h */,
				6260CADD1B18042000F8A687 /* Person.m */,
				6260CADF1B18319C00F8A687 /* NSObject+Conversion.h */,
				6260CAE01B18319C00F8A687 /* NSObject+Conversion.m */,
				6260CAC01B18029100F8A687 /* Main.storyboard */,
				6260CAC31B18029100F8A687 /* Images.xcassets */,
				6260CAC51B18029100F8A687 /* LaunchScreen.xib */,
				6260CAB61B18029100F8A687 /* Supporting Files */,
			);
			path = RuntimeDemo;
			sourceTree = "<group>";
		};
		6260CAB61B18029100F8A687 /* Supporting Files */ = {
			isa = PBXGroup;
			children = (
				6260CAB71B18029100F8A687 /* Info.plist */,
				6260CAB81B18029100F8A687 /* main.m */,
			);
			name = "Supporting Files";
			sourceTree = "<group>";
		};
		6260CACF1B18029100F8A687 /* RuntimeDemoTests */ = {
			isa = PBXGroup;
			children = (
				6260CAD21B18029100F8A687 /* RuntimeDemoTests.m */,
				6260CAD01B18029100F8A687 /* Supporting Files */,
			);
			path = RuntimeDemoTests;
			sourceTree = "<group>";
		};
		6260CAD01B18029100F8A687 /* Supporting Files */ = {
			isa = PBXGroup;
			children = (
				6260CAD11B18029100F8A687 /* Info.plist */,
			);
			name = "Supporting Files";
			sourceTree = "<group>";
		};
		62AB06971B25285100D6F018 /* MJExtension */ = {
			isa = PBXGroup;
			children = (
				62AB06981B25285100D6F018 /* MJConst.h */,
				62AB06991B25285100D6F018 /* MJConst.m */,
				62AB069A1B25285100D6F018 /* MJExtension.h */,
				62AB069B1B25285100D6F018 /* MJFoundation.h */,
				62AB069C1B25285100D6F018 /* MJFoundation.m */,
				62AB069D1B25285100D6F018 /* MJProperty.h */,
				62AB069E1B25285100D6F018 /* MJProperty.m */,
				62AB069F1B25285100D6F018 /* MJType.h */,
				62AB06A01B25285100D6F018 /* MJType.m */,
				62AB06A11B25285100D6F018 /* NSObject+MJCoding.h */,
				62AB06A21B25285100D6F018 /* NSObject+MJCoding.m */,
				62AB06A31B25285100D6F018 /* NSObject+MJKeyValue.h */,
				62AB06A41B25285100D6F018 /* NSObject+MJKeyValue.m */,
				62AB06A51B25285100D6F018 /* NSObject+MJProperty.h */,
				62AB06A61B25285100D6F018 /* NSObject+MJProperty.m */,
				62AB06A71B25285100D6F018 /* NSString+Extension.h */,
				62AB06A81B25285100D6F018 /* NSString+Extension.m */,
			);
			path = MJExtension;
			sourceTree = "<group>";
		};
/* End PBXGroup section */

/* Begin PBXNativeTarget section */
		6260CAB21B18029100F8A687 /* RuntimeDemo */ = {
			isa = PBXNativeTarget;
			buildConfigurationList = 6260CAD61B18029100F8A687 /* Build configuration list for PBXNativeTarget "RuntimeDemo" */;
			buildPhases = (
				6260CAAF1B18029100F8A687 /* Sources */,
				6260CAB01B18029100F8A687 /* Frameworks */,
				6260CAB11B18029100F8A687 /* Resources */,
			);
			buildRules = (
			);
			dependencies = (
			);
			name = RuntimeDemo;
			productName = RuntimeDemo;
			productReference = 6260CAB31B18029100F8A687 /* RuntimeDemo.app */;
			productType = "com.apple.product-type.application";
		};
		6260CACB1B18029100F8A687 /* RuntimeDemoTests */ = {
			isa = PBXNativeTarget;
			buildConfigurationList = 6260CAD91B18029100F8A687 /* Build configuration list for PBXNativeTarget "RuntimeDemoTests" */;
			buildPhases = (
				6260CAC81B18029100F8A687 /* Sources */,
				6260CAC91B18029100F8A687 /* Frameworks */,
				6260CACA1B18029100F8A687 /* Resources */,
			);
			buildRules = (
			);
			dependencies = (
				6260CACE1B18029100F8A687 /* PBXTargetDependency */,
			);
			name = RuntimeDemoTests;
			productName = RuntimeDemoTests;
			productReference = 6260CACC1B18029100F8A687 /* RuntimeDemoTests.xctest */;
			productType = "com.apple.product-type.bundle.unit-test";
		};
/* End PBXNativeTarget section */

/* Begin PBXProject section */
		6260CAAB1B18029100F8A687 /* Project object */ = {
			isa = PBXProject;
			attributes = {
				LastUpgradeCheck = 0630;
				ORGANIZATIONNAME = SDMac;
				TargetAttributes = {
					6260CAB21B18029100F8A687 = {
						CreatedOnToolsVersion = 6.3.1;
					};
					6260CACB1B18029100F8A687 = {
						CreatedOnToolsVersion = 6.3.1;
						TestTargetID = 6260CAB21B18029100F8A687;
					};
				};
			};
			buildConfigurationList = 6260CAAE1B18029100F8A687 /* Build configuration list for PBXProject "RuntimeDemo" */;
			compatibilityVersion = "Xcode 3.2";
			developmentRegion = English;
			hasScannedForEncodings = 0;
			knownRegions = (
				en,
				Base,
			);
			mainGroup = 6260CAAA1B18029100F8A687;
			productRefGroup = 6260CAB41B18029100F8A687 /* Products */;
			projectDirPath = "";
			projectRoot = "";
			targets = (
				6260CAB21B18029100F8A687 /* RuntimeDemo */,
				6260CACB1B18029100F8A687 /* RuntimeDemoTests */,
			);
		};
/* End PBXProject section */

/* Begin PBXResourcesBuildPhase section */
		6260CAB11B18029100F8A687 /* Resources */ = {
			isa = PBXResourcesBuildPhase;
			buildActionMask = 2147483647;
			files = (
				6260CAC21B18029100F8A687 /* Main.storyboard in Resources */,
				6260CAC71B18029100F8A687 /* LaunchScreen.xib in Resources */,
				6260CAC41B18029100F8A687 /* Images.xcassets in Resources */,
			);
			runOnlyForDeploymentPostprocessing = 0;
		};
		6260CACA1B18029100F8A687 /* Resources */ = {
			isa = PBXResourcesBuildPhase;
			buildActionMask = 2147483647;
			files = (
			);
			runOnlyForDeploymentPostprocessing = 0;
		};
/* End PBXResourcesBuildPhase section */

/* Begin PBXSourcesBuildPhase section */
		6260CAAF1B18029100F8A687 /* Sources */ = {
			isa = PBXSourcesBuildPhase;
			buildActionMask = 2147483647;
			files = (
				6260CABF1B18029100F8A687 /* ViewController.m in Sources */,
				62AB06AC1B25285100D6F018 /* MJType.m in Sources */,
				62AB06AA1B25285100D6F018 /* MJFoundation.m in Sources */,
				6260CABC1B18029100F8A687 /* AppDelegate.m in Sources */,
				62AB06AE1B25285100D6F018 /* NSObject+MJKeyValue.m in Sources */,
				62AB06AD1B25285100D6F018 /* NSObject+MJCoding.m in Sources */,
				62AB06B01B25285100D6F018 /* NSString+Extension.m in Sources */,
				62AB06AB1B25285100D6F018 /* MJProperty.m in Sources */,
				629D01161C1A769200E71F3D /* MyRunTime.m in Sources */,
				62AB06AF1B25285100D6F018 /* NSObject+MJProperty.m in Sources */,
				6260CAE11B18319C00F8A687 /* NSObject+Conversion.m in Sources */,
				6260CADE1B18042000F8A687 /* Person.m in Sources */,
				62AB06A91B25285100D6F018 /* MJConst.m in Sources */,
				6260CAB91B18029100F8A687 /* main.m in Sources */,
			);
			runOnlyForDeploymentPostprocessing = 0;
		};
		6260CAC81B18029100F8A687 /* Sources */ = {
			isa = PBXSourcesBuildPhase;
			buildActionMask = 2147483647;
			files = (
				6260CAD31B18029100F8A687 /* RuntimeDemoTests.m in Sources */,
			);
			runOnlyForDeploymentPostprocessing = 0;
		};
/* End PBXSourcesBuildPhase section */

/* Begin PBXTargetDependency section */
		6260CACE1B18029100F8A687 /* PBXTargetDependency */ = {
			isa = PBXTargetDependency;
			target = 6260CAB21B18029100F8A687 /* RuntimeDemo */;
			targetProxy = 6260CACD1B18029100F8A687 /* PBXContainerItemProxy */;
		};
/* End PBXTargetDependency section */

/* Begin PBXVariantGroup section */
		6260CAC01B18029100F8A687 /* Main.storyboard */ = {
			isa = PBXVariantGroup;
			children = (
				6260CAC11B18029100F8A687 /* Base */,
			);
			name = Main.storyboard;
			sourceTree = "<group>";
		};
		6260CAC51B18029100F8A687 /* LaunchScreen.xib */ = {
			isa = PBXVariantGroup;
			children = (
				6260CAC61B18029100F8A687 /* Base */,
			);
			name = LaunchScreen.xib;
			sourceTree = "<group>";
		};
/* End PBXVariantGroup section */

/* Begin XCBuildConfiguration section */
		6260CAD41B18029100F8A687 /* Debug */ = {
			isa = XCBuildConfiguration;
			buildSettings = {
				ALWAYS_SEARCH_USER_PATHS = NO;
				CLANG_CXX_LANGUAGE_STANDARD = "gnu++0x";
				CLANG_CXX_LIBRARY = "libc++";
				CLANG_ENABLE_MODULES = YES;
				CLANG_ENABLE_OBJC_ARC = YES;
				CLANG_WARN_BOOL_CONVERSION = YES;
				CLANG_WARN_CONSTANT_CONVERSION = YES;
				CLANG_WARN_DIRECT_OBJC_ISA_USAGE = YES_ERROR;
				CLANG_WARN_EMPTY_BODY = YES;
				CLANG_WARN_ENUM_CONVERSION = YES;
				CLANG_WARN_INT_CONVERSION = YES;
				CLANG_WARN_OBJC_ROOT_CLASS = YES_ERROR;
				CLANG_WARN_UNREACHABLE_CODE = YES;
				CLANG_WARN__DUPLICATE_METHOD_MATCH = YES;
				"CODE_SIGN_IDENTITY[sdk=iphoneos*]" = "iPhone Developer";
				COPY_PHASE_STRIP = NO;
				DEBUG_INFORMATION_FORMAT = "dwarf-with-dsym";
				ENABLE_STRICT_OBJC_MSGSEND = YES;
				GCC_C_LANGUAGE_STANDARD = gnu99;
				GCC_DYNAMIC_NO_PIC = NO;
				GCC_NO_COMMON_BLOCKS = YES;
				GCC_OPTIMIZATION_LEVEL = 0;
				GCC_PREPROCESSOR_DEFINITIONS = (
					"DEBUG=1",
					"$(inherited)",
				);
				GCC_SYMBOLS_PRIVATE_EXTERN = NO;
				GCC_WARN_64_TO_32_BIT_CONVERSION = YES;
				GCC_WARN_ABOUT_RETURN_TYPE = YES_ERROR;
				GCC_WARN_UNDECLARED_SELECTOR = YES;
				GCC_WARN_UNINITIALIZED_AUTOS = YES_AGGRESSIVE;
				GCC_WARN_UNUSED_FUNCTION = YES;
				GCC_WARN_UNUSED_VARIABLE = YES;
				IPHONEOS_DEPLOYMENT_TARGET = 8.3;
				MTL_ENABLE_DEBUG_INFO = YES;
				ONLY_ACTIVE_ARCH = YES;
				SDKROOT = iphoneos;
			};
			name = Debug;
		};
		6260CAD51B18029100F8A687 /* Release */ = {
			isa = XCBuildConfiguration;
			buildSettings = {
				ALWAYS_SEARCH_USER_PATHS = NO;
				CLANG_CXX_LANGUAGE_STANDARD = "gnu++0x";
				CLANG_CXX_LIBRARY = "libc++";
				CLANG_ENABLE_MODULES = YES;
				CLANG_ENABLE_OBJC_ARC = YES;
				CLANG_WARN_BOOL_CONVERSION = YES;
				CLANG_WARN_CONSTANT_CONVERSION = YES;
				CLANG_WARN_DIRECT_OBJC_ISA_USAGE = YES_ERROR;
				CLANG_WARN_EMPTY_BODY = YES;
				CLANG_WARN_ENUM_CONVERSION = YES;
				CLANG_WARN_INT_CONVERSION = YES;
				CLANG_WARN_OBJC_ROOT_CLASS = YES_ERROR;
				CLANG_WARN_UNREACHABLE_CODE = YES;
				CLANG_WARN__DUPLICATE_METHOD_MATCH = YES;
				"CODE_SIGN_IDENTITY[sdk=iphoneos*]" = "iPhone Developer";
				COPY_PHASE_STRIP = NO;
				DEBUG_INFORMATION_FORMAT = "dwarf-with-dsym";
				ENABLE_NS_ASSERTIONS = NO;
				ENABLE_STRICT_OBJC_MSGSEND = YES;
				GCC_C_LANGUAGE_STANDARD = gnu99;
				GCC_NO_COMMON_BLOCKS = YES;
				GCC_WARN_64_TO_32_BIT_CONVERSION = YES;
				GCC_WARN_ABOUT_RETURN_TYPE = YES_ERROR;
				GCC_WARN_UNDECLARED_SELECTOR = YES;
				GCC_WARN_UNINITIALIZED_AUTOS = YES_AGGRESSIVE;
				GCC_WARN_UNUSED_FUNCTION = YES;
				GCC_WARN_UNUSED_VARIABLE = YES;
				IPHONEOS_DEPLOYMENT_TARGET = 8.3;
				MTL_ENABLE_DEBUG_INFO = NO;
				SDKROOT = iphoneos;
				VALIDATE_PRODUCT = YES;
			};
			name = Release;
		};
		6260CAD71B18029100F8A687 /* Debug */ = {
			isa = XCBuildConfiguration;
			buildSettings = {
				ASSETCATALOG_COMPILER_APPICON_NAME = AppIcon;
				INFOPLIST_FILE = RuntimeDemo/Info.plist;
				LD_RUNPATH_SEARCH_PATHS = "$(inherited) @executable_path/Frameworks";
				PRODUCT_NAME = "$(TARGET_NAME)";
			};
			name = Debug;
		};
		6260CAD81B18029100F8A687 /* Release */ = {
			isa = XCBuildConfiguration;
			buildSettings = {
				ASSETCATALOG_COMPILER_APPICON_NAME = AppIcon;
				INFOPLIST_FILE = RuntimeDemo/Info.plist;
				LD_RUNPATH_SEARCH_PATHS = "$(inherited) @executable_path/Frameworks";
				PRODUCT_NAME = "$(TARGET_NAME)";
			};
			name = Release;
		};
		6260CADA1B18029100F8A687 /* Debug */ = {
			isa = XCBuildConfiguration;
			buildSettings = {
				BUNDLE_LOADER = "$(TEST_HOST)";
				FRAMEWORK_SEARCH_PATHS = (
					"$(SDKROOT)/Developer/Library/Frameworks",
					"$(inherited)",
				);
				GCC_PREPROCESSOR_DEFINITIONS = (
					"DEBUG=1",
					"$(inherited)",
				);
				INFOPLIST_FILE = RuntimeDemoTests/Info.plist;
				LD_RUNPATH_SEARCH_PATHS = "$(inherited) @executable_path/Frameworks @loader_path/Frameworks";
				PRODUCT_NAME = "$(TARGET_NAME)";
				TEST_HOST = "$(BUILT_PRODUCTS_DIR)/RuntimeDemo.app/RuntimeDemo";
			};
			name = Debug;
		};
		6260CADB1B18029100F8A687 /* Release */ = {
			isa = XCBuildConfiguration;
			buildSettings = {
				BUNDLE_LOADER = "$(TEST_HOST)";
				FRAMEWORK_SEARCH_PATHS = (
					"$(SDKROOT)/Developer/Library/Frameworks",
					"$(inherited)",
				);
				INFOPLIST_FILE = RuntimeDemoTests/Info.plist;
				LD_RUNPATH_SEARCH_PATHS = "$(inherited) @executable_path/Frameworks @loader_path/Frameworks";
				PRODUCT_NAME = "$(TARGET_NAME)";
				TEST_HOST = "$(BUILT_PRODUCTS_DIR)/RuntimeDemo.app/RuntimeDemo";
			};
			name = Release;
		};
/* End XCBuildConfiguration section */

/* Begin XCConfigurationList section */
		6260CAAE1B18029100F8A687 /* Build configuration list for PBXProject "RuntimeDemo" */ = {
			isa = XCConfigurationList;
			buildConfigurations = (
				6260CAD41B18029100F8A687 /* Debug */,
				6260CAD51B18029100F8A687 /* Release */,
			);
			defaultConfigurationIsVisible = 0;
			defaultConfigurationName = Release;
		};
		6260CAD61B18029100F8A687 /* Build configuration list for PBXNativeTarget "RuntimeDemo" */ = {
			isa = XCConfigurationList;
			buildConfigurations = (
				6260CAD71B18029100F8A687 /* Debug */,
				6260CAD81B18029100F8A687 /* Release */,
			);
			defaultConfigurationIsVisible = 0;
			defaultConfigurationName = Release;
		};
		6260CAD91B18029100F8A687 /* Build configuration list for PBXNativeTarget "RuntimeDemoTests" */ = {
			isa = XCConfigurationList;
			buildConfigurations = (
				6260CADA1B18029100F8A687 /* Debug */,
				6260CADB1B18029100F8A687 /* Release */,
			);
			defaultConfigurationIsVisible = 0;
			defaultConfigurationName = Release;
		};
/* End XCConfigurationList section */
	};
	rootObject = 6260CAAB1B18029100F8A687 /* Project object */;
}
